
Microsoft Visual Studio Solution File, Format Version 12.00
# Visual Studio Version 17
VisualStudioVersion = 17.7.34031.279
MinimumVisualStudioVersion = 10.0.40219.1
Project("{FAE04EC0-301F-11D3-BF4B-00C04F79EFBC}") = "uvodnaVjezba02_Matej Lukas Marunica 3.D", "uvodnaVjezba02_Matej Lukas Marunica 3.D\uvodnaVjezba02_Matej Lukas Marunica 3.D.csproj", "{D542FE0D-6AB3-44E8-9322-A9861B37B75D}"
EndProject
Global
	GlobalSection(SolutionConfigurationPlatforms) = preSolution
		Debug|Any CPU = Debug|Any CPU
		Release|Any CPU = Release|Any CPU
	EndGlobalSection
	GlobalSection(ProjectConfigurationPlatforms) = postSolution
		{D542FE0D-6AB3-44E8-9322-A9861B37B75D}.Debug|Any CPU.ActiveCfg = Debug|Any CPU
		{D542FE0D-6AB3-44E8-9322-A9861B37B75D}.Debug|Any CPU.Build.0 = Debug|Any CPU
		{D542FE0D-6AB3-44E8-9322-A9861B37B75D}.Release|Any CPU.ActiveCfg = Release|Any CPU
		{D542FE0D-6AB3-44E8-9322-A9861B37B75D}.Release|Any CPU.Build.0 = Release|Any CPU
	EndGlobalSection
	GlobalSection(SolutionProperties) = preSolution
		HideSolutionNode = FALSE
	EndGlobalSection
	GlobalSection(ExtensibilityGlobals) = postSolution
		SolutionGuid = {32A5CAF2-5159-434A-9FE7-5F5DE48BD062}
	EndGlobalSection
EndGlobal
